
Microsoft Visual Studio Solution File, Format Version 12.00
# Visual Studio Version 17
VisualStudioVersion = 17.3.32929.385
MinimumVisualStudioVersion = 10.0.40219.1
Project("{8BC9CEB8-8B4A-11D0-8D11-00A0C91BC942}") = "NetworkPluginWrapper", "NetworkPluginWrapper\NetworkPluginWrapper.vcxproj", "{C7D80A0F-7496-4AE8-9E87-087E75BF8B58}"
EndProject
Project("{9A19103F-16F7-4668-BE54-9A1E7A4F7556}") = "SharpBambuTestApp", "SharpBambuTestApp\SharpBambuTestApp.csproj", "{FDFE8150-41D7-44F7-A292-76EB814D8832}"
EndProject
Project("{9A19103F-16F7-4668-BE54-9A1E7A4F7556}") = "SharpBambu", "SharpBambu\SharpBambu.csproj", "{05A2EA65-CA91-40EE-ACF9-17C2FB6D3DA9}"
EndProject
Global
	GlobalSection(SolutionConfigurationPlatforms) = preSolution
		Debug|Any CPU = Debug|Any CPU
		Debug|x64 = Debug|x64
		Debug|x86 = Debug|x86
		Release|Any CPU = Release|Any CPU
		Release|x64 = Release|x64
		Release|x86 = Release|x86
	EndGlobalSection
	GlobalSection(ProjectConfigurationPlatforms) = postSolution
		{C7D80A0F-7496-4AE8-9E87-087E75BF8B58}.Debug|Any CPU.ActiveCfg = Release|x64
		{C7D80A0F-7496-4AE8-9E87-087E75BF8B58}.Debug|Any CPU.Build.0 = Release|x64
		{C7D80A0F-7496-4AE8-9E87-087E75BF8B58}.Debug|x64.ActiveCfg = Release|x64
		{C7D80A0F-7496-4AE8-9E87-087E75BF8B58}.Debug|x64.Build.0 = Release|x64
		{C7D80A0F-7496-4AE8-9E87-087E75BF8B58}.Debug|x86.ActiveCfg = Debug|Win32
		{C7D80A0F-7496-4AE8-9E87-087E75BF8B58}.Debug|x86.Build.0 = Debug|Win32
		{C7D80A0F-7496-4AE8-9E87-087E75BF8B58}.Release|Any CPU.ActiveCfg = Release|x64
		{C7D80A0F-7496-4AE8-9E87-087E75BF8B58}.Release|Any CPU.Build.0 = Release|x64
		{C7D80A0F-7496-4AE8-9E87-087E75BF8B58}.Release|x64.ActiveCfg = Release|x64
		{C7D80A0F-7496-4AE8-9E87-087E75BF8B58}.Release|x64.Build.0 = Release|x64
		{C7D80A0F-7496-4AE8-9E87-087E75BF8B58}.Release|x86.ActiveCfg = Release|Win32
		{C7D80A0F-7496-4AE8-9E87-087E75BF8B58}.Release|x86.Build.0 = Release|Win32
		{FDFE8150-41D7-44F7-A292-76EB814D8832}.Debug|Any CPU.ActiveCfg = Debug|Any CPU
		{FDFE8150-41D7-44F7-A292-76EB814D8832}.Debug|Any CPU.Build.0 = Debug|Any CPU
		{FDFE8150-41D7-44F7-A292-76EB814D8832}.Debug|x64.ActiveCfg = Debug|Any CPU
		{FDFE8150-41D7-44F7-A292-76EB814D8832}.Debug|x64.Build.0 = Debug|Any CPU
		{FDFE8150-41D7-44F7-A292-76EB814D8832}.Debug|x86.ActiveCfg = Debug|Any CPU
		{FDFE8150-41D7-44F7-A292-76EB814D8832}.Debug|x86.Build.0 = Debug|Any CPU
		{FDFE8150-41D7-44F7-A292-76EB814D8832}.Release|Any CPU.ActiveCfg = Release|Any CPU
		{FDFE8150-41D7-44F7-A292-76EB814D8832}.Release|Any CPU.Build.0 = Release|Any CPU
		{FDFE8150-41D7-44F7-A292-76EB814D8832}.Release|x64.ActiveCfg = Release|Any CPU
		{FDFE8150-41D7-44F7-A292-76EB814D8832}.Release|x64.Build.0 = Release|Any CPU
		{FDFE8150-41D7-44F7-A292-76EB814D8832}.Release|x86.ActiveCfg = Release|Any CPU
		{FDFE8150-41D7-44F7-A292-76EB814D8832}.Release|x86.Build.0 = Release|Any CPU
		{05A2EA65-CA91-40EE-ACF9-17C2FB6D3DA9}.Debug|Any CPU.ActiveCfg = Debug|Any CPU
		{05A2EA65-CA91-40EE-ACF9-17C2FB6D3DA9}.Debug|Any CPU.Build.0 = Debug|Any CPU
		{05A2EA65-CA91-40EE-ACF9-17C2FB6D3DA9}.Debug|x64.ActiveCfg = Debug|Any CPU
		{05A2EA65-CA91-40EE-ACF9-17C2FB6D3DA9}.Debug|x64.Build.0 = Debug|Any CPU
		{05A2EA65-CA91-40EE-ACF9-17C2FB6D3DA9}.Debug|x86.ActiveCfg = Debug|Any CPU
		{05A2EA65-CA91-40EE-ACF9-17C2FB6D3DA9}.Debug|x86.Build.0 = Debug|Any CPU
		{05A2EA65-CA91-40EE-ACF9-17C2FB6D3DA9}.Release|Any CPU.ActiveCfg = Release|Any CPU
		{05A2EA65-CA91-40EE-ACF9-17C2FB6D3DA9}.Release|Any CPU.Build.0 = Release|Any CPU
		{05A2EA65-CA91-40EE-ACF9-17C2FB6D3DA9}.Release|x64.ActiveCfg = Release|Any CPU
		{05A2EA65-CA91-40EE-ACF9-17C2FB6D3DA9}.Release|x64.Build.0 = Release|Any CPU
		{05A2EA65-CA91-40EE-ACF9-17C2FB6D3DA9}.Release|x86.ActiveCfg = Release|Any CPU
		{05A2EA65-CA91-40EE-ACF9-17C2FB6D3DA9}.Release|x86.Build.0 = Release|Any CPU
	EndGlobalSection
	GlobalSection(SolutionProperties) = preSolution
		HideSolutionNode = FALSE
	EndGlobalSection
	GlobalSection(ExtensibilityGlobals) = postSolution
		SolutionGuid = {A025D0CE-A19D-4E08-9D3B-21AA5785E7E5}
	EndGlobalSection
EndGlobal
